
Microsoft Visual Studio Solution File, Format Version 12.00
# Visual Studio Version 16
VisualStudioVersion = 16.0.30225.117
MinimumVisualStudioVersion = 10.0.40219.1
Project("{FAE04EC0-301F-11D3-BF4B-00C04F79EFBC}") = "classmodel", "classmodel\classmodel.csproj", "{E2583281-38D5-4834-A68B-202DCEDF8026}"
EndProject
Project("{FAE04EC0-301F-11D3-BF4B-00C04F79EFBC}") = "classattribute", "..\classattribute\classattribute.csproj", "{196FA6CF-13EF-4954-A8C1-E438B854B16A}"
EndProject
Project("{FAE04EC0-301F-11D3-BF4B-00C04F79EFBC}") = "ConsoleApp1", "..\ConsoleApp1\ConsoleApp1.csproj", "{6932380C-8D02-4E65-82E7-B5A67C7B320C}"
EndProject
Project("{FAE04EC0-301F-11D3-BF4B-00C04F79EFBC}") = "withwithoutvalue", "withwithoutvalue\withwithoutvalue.csproj", "{73FC5E37-7808-4554-B50F-74536F40A4C1}"
EndProject
Global
	GlobalSection(SolutionConfigurationPlatforms) = preSolution
		Debug|Any CPU = Debug|Any CPU
		Release|Any CPU = Release|Any CPU
	EndGlobalSection
	GlobalSection(ProjectConfigurationPlatforms) = postSolution
		{E2583281-38D5-4834-A68B-202DCEDF8026}.Debug|Any CPU.ActiveCfg = Debug|Any CPU
		{E2583281-38D5-4834-A68B-202DCEDF8026}.Debug|Any CPU.Build.0 = Debug|Any CPU
		{E2583281-38D5-4834-A68B-202DCEDF8026}.Release|Any CPU.ActiveCfg = Release|Any CPU
		{E2583281-38D5-4834-A68B-202DCEDF8026}.Release|Any CPU.Build.0 = Release|Any CPU
		{196FA6CF-13EF-4954-A8C1-E438B854B16A}.Debug|Any CPU.ActiveCfg = Debug|Any CPU
		{196FA6CF-13EF-4954-A8C1-E438B854B16A}.Debug|Any CPU.Build.0 = Debug|Any CPU
		{196FA6CF-13EF-4954-A8C1-E438B854B16A}.Release|Any CPU.ActiveCfg = Release|Any CPU
		{196FA6CF-13EF-4954-A8C1-E438B854B16A}.Release|Any CPU.Build.0 = Release|Any CPU
		{6932380C-8D02-4E65-82E7-B5A67C7B320C}.Debug|Any CPU.ActiveCfg = Debug|Any CPU
		{6932380C-8D02-4E65-82E7-B5A67C7B320C}.Debug|Any CPU.Build.0 = Debug|Any CPU
		{6932380C-8D02-4E65-82E7-B5A67C7B320C}.Release|Any CPU.ActiveCfg = Release|Any CPU
		{6932380C-8D02-4E65-82E7-B5A67C7B320C}.Release|Any CPU.Build.0 = Release|Any CPU
		{73FC5E37-7808-4554-B50F-74536F40A4C1}.Debug|Any CPU.ActiveCfg = Debug|Any CPU
		{73FC5E37-7808-4554-B50F-74536F40A4C1}.Debug|Any CPU.Build.0 = Debug|Any CPU
		{73FC5E37-7808-4554-B50F-74536F40A4C1}.Release|Any CPU.ActiveCfg = Release|Any CPU
		{73FC5E37-7808-4554-B50F-74536F40A4C1}.Release|Any CPU.Build.0 = Release|Any CPU
	EndGlobalSection
	GlobalSection(SolutionProperties) = preSolution
		HideSolutionNode = FALSE
	EndGlobalSection
	GlobalSection(ExtensibilityGlobals) = postSolution
		SolutionGuid = {E4A3713F-B3F2-42AA-9413-13FD7367FECE}
	EndGlobalSection
EndGlobal
